
Microsoft Visual Studio Solution File, Format Version 12.00
# Visual Studio 15
VisualStudioVersion = 15.0.27130.2010
MinimumVisualStudioVersion = 10.0.40219.1
Project("{FAE04EC0-301F-11D3-BF4B-00C04F79EFBC}") = "TextGrunt", "TextGrunt\TextGrunt.csproj", "{23951B77-D8E8-4D4B-B657-8EA58B05F236}"
EndProject
Project("{FAE04EC0-301F-11D3-BF4B-00C04F79EFBC}") = "Textgrunt.tests", "Textgrunt.tests\Textgrunt.tests.csproj", "{6D74FC48-BBE1-4261-B059-96449E99A71F}"
EndProject
Global
	GlobalSection(SolutionConfigurationPlatforms) = preSolution
		Debug|Any CPU = Debug|Any CPU
		Release|Any CPU = Release|Any CPU
	EndGlobalSection
	GlobalSection(ProjectConfigurationPlatforms) = postSolution
		{23951B77-D8E8-4D4B-B657-8EA58B05F236}.Debug|Any CPU.ActiveCfg = Debug|Any CPU
		{23951B77-D8E8-4D4B-B657-8EA58B05F236}.Debug|Any CPU.Build.0 = Debug|Any CPU
		{23951B77-D8E8-4D4B-B657-8EA58B05F236}.Release|Any CPU.ActiveCfg = Release|Any CPU
		{23951B77-D8E8-4D4B-B657-8EA58B05F236}.Release|Any CPU.Build.0 = Release|Any CPU
		{6D74FC48-BBE1-4261-B059-96449E99A71F}.Debug|Any CPU.ActiveCfg = Debug|Any CPU
		{6D74FC48-BBE1-4261-B059-96449E99A71F}.Debug|Any CPU.Build.0 = Debug|Any CPU
		{6D74FC48-BBE1-4261-B059-96449E99A71F}.Release|Any CPU.ActiveCfg = Release|Any CPU
		{6D74FC48-BBE1-4261-B059-96449E99A71F}.Release|Any CPU.Build.0 = Release|Any CPU
	EndGlobalSection
	GlobalSection(SolutionProperties) = preSolution
		HideSolutionNode = FALSE
	EndGlobalSection
	GlobalSection(ExtensibilityGlobals) = postSolution
		SolutionGuid = {DCB64810-6D73-4EEC-A5EA-5BF31F39CC98}
	EndGlobalSection
EndGlobal
